{
  "name": "intertype",
  "version": "7.1.0",
  "lockfileVersion": 1,
  "requires": true,
  "dependencies": {
    "cnd": {
      "version": "9.0.0",
      "resolved": "https://registry.npmjs.org/cnd/-/cnd-9.0.0.tgz",
      "integrity": "sha512-1AppoXfThejErDB8E3GHxRdBZZ0zGEX0/XbetVoiEjJajhUJdkIgry5yb6dm8wvpgQHAWN5iWx5HpHMXLDOSFw=="
    },
    "multimix": {
      "version": "4.1.0",
      "resolved": "https://registry.npmjs.org/multimix/-/multimix-4.1.0.tgz",
      "integrity": "sha512-GUV1SMXk7ZS/DiLHNYA6G43I+ORymTRvixCXBebR8kIFWy/1Syl7WmoI0dBvPzvs7goIK3VbCRO+EtIEP2R11w==",
      "requires": {
        "cnd": "^9.0.0"
      }
    }
  }
}
