{
  "name": "intertype",
  "version": "5.0.0",
  "lockfileVersion": 1,
  "requires": true,
  "dependencies": {
    "cnd": {
      "version": "9.0.0",
      "resolved": "https://registry.npmjs.org/cnd/-/cnd-9.0.0.tgz",
      "integrity": "sha512-1AppoXfThejErDB8E3GHxRdBZZ0zGEX0/XbetVoiEjJajhUJdkIgry5yb6dm8wvpgQHAWN5iWx5HpHMXLDOSFw=="
    },
    "intertype": {
      "version": "5.0.0",
      "resolved": "https://registry.npmjs.org/intertype/-/intertype-5.0.0.tgz",
      "integrity": "sha512-5Onp6QKXMhqKs3wPWIEItBbm5zn+o67cDguGh7ShTdRyepgOpX9Pdndie+LOyhYh5pQ5CC/HZoHLpUXvF2+tTA==",
      "requires": {
        "cnd": "^9.0.0",
        "multimix": "^3.0.0"
      }
    },
    "multimix": {
      "version": "3.0.1",
      "resolved": "https://registry.npmjs.org/multimix/-/multimix-3.0.1.tgz",
      "integrity": "sha512-6FgbW/ySFXVMCtN+spVSvGdJIorsBaF4OtbGzL+Yw0IA8fk2f/LTHK8TnonQPN77g+vYx0ApXwfT9KtN6gZC+Q==",
      "requires": {
        "cnd": "^9.0.0",
        "intertype": "^5.0.0"
      }
    }
  }
}
