lockfileVersion: 5.4

specifiers:
  acorn-loose: ^8.3.0
  astring: ^1.8.3
  cnd: ^9.2.2
  combinate: ^1.1.11
  guy: 5.3.0
  intertype: ^7.7.1

dependencies:
  acorn-loose: 8.3.0
  astring: 1.8.3
  cnd: 9.2.2
  combinate: 1.1.11
  guy: 5.3.0_4k6qy6fwzytg4mnvcbxw7o5eay
  intertype: 7.7.1

packages:

  /acorn-loose/8.3.0:
    resolution: {integrity: sha512-75lAs9H19ldmW+fAbyqHdjgdCrz0pWGXKmnqFoh8PyVd1L2RIb4RzYrSjmopeqv3E1G3/Pimu6GgLlrGbrkF7w==}
    engines: {node: '>=0.4.0'}
    dependencies:
      acorn: 8.7.1
    dev: false

  /acorn/8.7.1:
    resolution: {integrity: sha512-Xx54uLJQZ19lKygFXOWsscKUbsBZW0CPykPhVQdhIeIwrbPmJzqeASDInc8nKBnp/JT6igTs82qPXz069H8I/A==}
    engines: {node: '>=0.4.0'}
    hasBin: true
    dev: false

  /astring/1.8.3:
    resolution: {integrity: sha512-sRpyiNrx2dEYIMmUXprS8nlpRg2Drs8m9ElX9vVEXaCB4XEAJhKfs7IcX0IwShjuOAjLR6wzIrgoptz1n19i1A==}
    hasBin: true
    dev: false

  /cnd/9.2.2:
    resolution: {integrity: sha512-F+/H+7luk4fZkvN0+MT0I2nwn80YM/EtfMttNUFxENR50XJH4g0KgQevzeyEJ8B6t6l8Tb4Xti6QAksa8DmePA==}
    hasBin: true
    dependencies:
      jsx-number-format: 0.1.5
    dev: false

  /combinate/1.1.11:
    resolution: {integrity: sha512-+2MNAQ29HtNejOxkgaTQPC2Bm+pQvFuqf7o18uObl/Bx3daX06kjLUNY/qa9f+YSqzqm/ic3SdrlfN0fvTlw2g==}
    dev: false

  /guy/5.3.0_4k6qy6fwzytg4mnvcbxw7o5eay:
    resolution: {integrity: sha512-VPlfGBvB5ZCcaJ6ILoklH2TdJ0bDNFrG6RUqXvDUIzg1E7GIeu6XyOyMGzXmbwIJsO+vEbdgH34ALJ0yP4zQ5g==}
    peerDependencies:
      acorn: ^8.7.1
      acorn-loose: ^8.3.0
      acorn-walk: ^8.2.0
      astring: ^1.8.3
    dependencies:
      acorn-loose: 8.3.0
      astring: 1.8.3
      cnd: 9.2.2
      intertype: 7.7.1
      letsfreezethat: 3.1.0
    dev: false

  /intertype/7.7.1:
    resolution: {integrity: sha512-GgGJYdbHaZ5AM4TvxzXSfkgFwAIEl6w3yIFiDY15uc85W41YfSRL0vNuO68tjNQ3gNIJ+U+xOYA8cw9NN8j0JQ==}
    dependencies:
      multimix: 5.0.0
    dev: false

  /jsx-number-format/0.1.5:
    resolution: {integrity: sha512-eS1SvW5Lm+UQOrpxqtTF6NgPDupYlCV1GXJr+f/1yp+nwQH/4qW6XarwCcdphQjNHrJFC4ko2MgRyRDS/ypqZw==}
    dev: false

  /letsfreezethat/3.1.0:
    resolution: {integrity: sha512-jJ1nvvQi6unW0WifjNPMIb64Byom0EXzSKWFYA++EpyjK3qv1J2pqeSoEJ61tGJoNG0GoNjPoeLYhxW16riZaA==}
    dev: false

  /multimix/5.0.0:
    resolution: {integrity: sha512-N9cdGSDDD7kxOV7R6e4iZqsHTZ4F4iiSDWqMcVqx4gEH6HBtRXav39Gj3fgT1YqvBcwPCQuf0Oa5R2cDaLWK8A==}
    dev: false
